
Microsoft Visual Studio Solution File, Format Version 12.00
# Visual Studio Version 16
VisualStudioVersion = 16.0.30011.22
MinimumVisualStudioVersion = 10.0.40219.1
Project("{FAE04EC0-301F-11D3-BF4B-00C04F79EFBC}") = "ProblemBSolution", "ProblemBSolution.csproj", "{DAE1AB46-47D6-4161-823D-0742AD43CDE9}"
EndProject
Global
	GlobalSection(SolutionConfigurationPlatforms) = preSolution
		Debug|Any CPU = Debug|Any CPU
		Release|Any CPU = Release|Any CPU
	EndGlobalSection
	GlobalSection(ProjectConfigurationPlatforms) = postSolution
		{DAE1AB46-47D6-4161-823D-0742AD43CDE9}.Debug|Any CPU.ActiveCfg = Debug|Any CPU
		{DAE1AB46-47D6-4161-823D-0742AD43CDE9}.Debug|Any CPU.Build.0 = Debug|Any CPU
		{DAE1AB46-47D6-4161-823D-0742AD43CDE9}.Release|Any CPU.ActiveCfg = Release|Any CPU
		{DAE1AB46-47D6-4161-823D-0742AD43CDE9}.Release|Any CPU.Build.0 = Release|Any CPU
	EndGlobalSection
	GlobalSection(SolutionProperties) = preSolution
		HideSolutionNode = FALSE
	EndGlobalSection
	GlobalSection(ExtensibilityGlobals) = postSolution
		SolutionGuid = {84B78C41-4904-40EA-B06B-B41C7C605E55}
	EndGlobalSection
EndGlobal
